
Microsoft Visual Studio Solution File, Format Version 12.00
# Visual Studio 2012
Project("{E24C65DC-7377-472B-9ABA-BC803B73C61A}") = "Chungle", "http://localhost:53083", "{23F0CDD9-C610-4868-8935-60C2125FD809}"
	ProjectSection(WebsiteProperties) = preProject
		UseIISExpress = "true"
		TargetFrameworkMoniker = ".NETFramework,Version%3Dv4.5.1"
		Debug.AspNetCompiler.VirtualPath = "/localhost_53083"
		Debug.AspNetCompiler.PhysicalPath = "..\..\WebSites\Chungle\"
		Debug.AspNetCompiler.TargetPath = "PrecompiledWeb\localhost_53083\"
		Debug.AspNetCompiler.Updateable = "true"
		Debug.AspNetCompiler.ForceOverwrite = "true"
		Debug.AspNetCompiler.FixedNames = "false"
		Debug.AspNetCompiler.Debug = "True"
		Release.AspNetCompiler.VirtualPath = "/localhost_53083"
		Release.AspNetCompiler.PhysicalPath = "..\..\WebSites\Chungle\"
		Release.AspNetCompiler.TargetPath = "PrecompiledWeb\localhost_53083\"
		Release.AspNetCompiler.Updateable = "true"
		Release.AspNetCompiler.ForceOverwrite = "true"
		Release.AspNetCompiler.FixedNames = "false"
		Release.AspNetCompiler.Debug = "False"
		SlnRelativePath = "..\..\WebSites\Chungle\"
		DefaultWebSiteLanguage = "Visual Basic"
	EndProjectSection
EndProject
Global
	GlobalSection(SolutionConfigurationPlatforms) = preSolution
		Debug|Any CPU = Debug|Any CPU
	EndGlobalSection
	GlobalSection(ProjectConfigurationPlatforms) = postSolution
		{23F0CDD9-C610-4868-8935-60C2125FD809}.Debug|Any CPU.ActiveCfg = Debug|Any CPU
		{23F0CDD9-C610-4868-8935-60C2125FD809}.Debug|Any CPU.Build.0 = Debug|Any CPU
	EndGlobalSection
	GlobalSection(SolutionProperties) = preSolution
		HideSolutionNode = FALSE
	EndGlobalSection
EndGlobal
